
Microsoft Visual Studio Solution File, Format Version 12.00
# Visual Studio Version 17
VisualStudioVersion = 17.10.35013.160
MinimumVisualStudioVersion = 10.0.40219.1
Project("{FAE04EC0-301F-11D3-BF4B-00C04F79EFBC}") = "Reto 1", "Reto 1\Reto 1.csproj", "{CC70F5E7-BEF5-44EA-B330-21523E28938B}"
EndProject
Global
	GlobalSection(SolutionConfigurationPlatforms) = preSolution
		Debug|Any CPU = Debug|Any CPU
		Release|Any CPU = Release|Any CPU
	EndGlobalSection
	GlobalSection(ProjectConfigurationPlatforms) = postSolution
		{CC70F5E7-BEF5-44EA-B330-21523E28938B}.Debug|Any CPU.ActiveCfg = Debug|Any CPU
		{CC70F5E7-BEF5-44EA-B330-21523E28938B}.Debug|Any CPU.Build.0 = Debug|Any CPU
		{CC70F5E7-BEF5-44EA-B330-21523E28938B}.Release|Any CPU.ActiveCfg = Release|Any CPU
		{CC70F5E7-BEF5-44EA-B330-21523E28938B}.Release|Any CPU.Build.0 = Release|Any CPU
	EndGlobalSection
	GlobalSection(SolutionProperties) = preSolution
		HideSolutionNode = FALSE
	EndGlobalSection
	GlobalSection(ExtensibilityGlobals) = postSolution
		SolutionGuid = {AEF376CC-09AE-4DAB-A12C-201AE9C2A4F5}
	EndGlobalSection
EndGlobal
